// !$*UTF8*$!
{
	archiveVersion = 1;
	classes = {
	};
	objectVersion = 46;
	objects = {

/* Begin PBXBuildFile section */
		8B1C716513B8FFB60012403B /* HighScoreInputViewController.m in Sources */ = {isa = PBXBuildFile; fileRef = 8B1C716313B8FFB60012403B /* HighScoreInputViewController.m */; };
		8B1C716613B8FFB60012403B /* HighScoreInputViewController.xib in Resources */ = {isa = PBXBuildFile; fileRef = 8B1C716413B8FFB60012403B /* HighScoreInputViewController.xib */; };
		8B1C717113B99C780012403B /* background2.png in Resources */ = {isa = PBXBuildFile; fileRef = 8B1C717013B99C780012403B /* background2.png */; };
		8B2F469D13B17B77000E181F /* GameKit.framework in Frameworks */ = {isa = PBXBuildFile; fileRef = 8B2F469B13B17B5F000E181F /* GameKit.framework */; };
		8B3C258B13C180FA005D4D80 /* InstructionsViewController.m in Sources */ = {isa = PBXBuildFile; fileRef = 8B3C258913C180FA005D4D80 /* InstructionsViewController.m */; };
		8B3C258C13C180FA005D4D80 /* InstructionsViewController.xib in Resources */ = {isa = PBXBuildFile; fileRef = 8B3C258A13C180FA005D4D80 /* InstructionsViewController.xib */; };
		8B4E14B013C25EF6005AEA13 /* instructions1.png in Resources */ = {isa = PBXBuildFile; fileRef = 8B4E14AD13C25EF6005AEA13 /* instructions1.png */; };
		8B4E14B113C25EF6005AEA13 /* instructions3.png in Resources */ = {isa = PBXBuildFile; fileRef = 8B4E14AE13C25EF6005AEA13 /* instructions3.png */; };
		8B4E14B213C25EF6005AEA13 /* instructions2.png in Resources */ = {isa = PBXBuildFile; fileRef = 8B4E14AF13C25EF6005AEA13 /* instructions2.png */; };
		8B657C8F13AFFC3D00696939 /* ZombiesViewController.xib in Resources */ = {isa = PBXBuildFile; fileRef = 8B657C8D13AFFC3D00696939 /* ZombiesViewController.xib */; };
		8B76D58513B82106000AA9F3 /* BSTNode.m in Sources */ = {isa = PBXBuildFile; fileRef = 8B76D58013B82106000AA9F3 /* BSTNode.m */; };
		8B76D58613B82106000AA9F3 /* BinarySearchTree.m in Sources */ = {isa = PBXBuildFile; fileRef = 8B76D58213B82106000AA9F3 /* BinarySearchTree.m */; };
		8B76D58713B82106000AA9F3 /* HighScoreData.m in Sources */ = {isa = PBXBuildFile; fileRef = 8B76D58413B82106000AA9F3 /* HighScoreData.m */; };
		8B76D58D13B822AF000AA9F3 /* HighScoreSingletonData.m in Sources */ = {isa = PBXBuildFile; fileRef = 8B76D58C13B822AF000AA9F3 /* HighScoreSingletonData.m */; };
		8BC317CC13B012CE00208E41 /* HighScoreViewController.m in Sources */ = {isa = PBXBuildFile; fileRef = 8BC317CA13B012CE00208E41 /* HighScoreViewController.m */; };
		8BC317CD13B012CE00208E41 /* HighScoreViewController.xib in Resources */ = {isa = PBXBuildFile; fileRef = 8BC317CB13B012CE00208E41 /* HighScoreViewController.xib */; };
		8BE73D8613BD8D8100EC3412 /* TiltCalibrationViewController.m in Sources */ = {isa = PBXBuildFile; fileRef = 8BE73D8413BD8D8100EC3412 /* TiltCalibrationViewController.m */; };
		8BE73D8713BD8D8100EC3412 /* TiltCalibrationViewController.xib in Resources */ = {isa = PBXBuildFile; fileRef = 8BE73D8513BD8D8100EC3412 /* TiltCalibrationViewController.xib */; };
		8BEBF42113AFA57B00805A3B /* UIKit.framework in Frameworks */ = {isa = PBXBuildFile; fileRef = 8BEBF42013AFA57B00805A3B /* UIKit.framework */; };
		8BEBF42313AFA57B00805A3B /* Foundation.framework in Frameworks */ = {isa = PBXBuildFile; fileRef = 8BEBF42213AFA57B00805A3B /* Foundation.framework */; };
		8BEBF42513AFA57B00805A3B /* CoreGraphics.framework in Frameworks */ = {isa = PBXBuildFile; fileRef = 8BEBF42413AFA57B00805A3B /* CoreGraphics.framework */; };
		8BEBF42B13AFA57B00805A3B /* InfoPlist.strings in Resources */ = {isa = PBXBuildFile; fileRef = 8BEBF42913AFA57B00805A3B /* InfoPlist.strings */; };
		8BEBF42D13AFA57B00805A3B /* main.m in Sources */ = {isa = PBXBuildFile; fileRef = 8BEBF42C13AFA57B00805A3B /* main.m */; };
		8BEBF43113AFA57B00805A3B /* ZombiesAppDelegate.m in Sources */ = {isa = PBXBuildFile; fileRef = 8BEBF43013AFA57B00805A3B /* ZombiesAppDelegate.m */; };
		8BEBF44513AFA5CD00805A3B /* background.png in Resources */ = {isa = PBXBuildFile; fileRef = 8BEBF44013AFA5CD00805A3B /* background.png */; };
		8BEBF44613AFA5CD00805A3B /* Default@2x.png in Resources */ = {isa = PBXBuildFile; fileRef = 8BEBF44113AFA5CD00805A3B /* Default@2x.png */; };
		8BEBF44813AFA5CD00805A3B /* person.png in Resources */ = {isa = PBXBuildFile; fileRef = 8BEBF44313AFA5CD00805A3B /* person.png */; };
		8BEBF44913AFA5CD00805A3B /* zombie.png in Resources */ = {isa = PBXBuildFile; fileRef = 8BEBF44413AFA5CD00805A3B /* zombie.png */; };
		8BEBF44B13AFA5E000805A3B /* Icon@2x.png in Resources */ = {isa = PBXBuildFile; fileRef = 8BEBF44A13AFA5E000805A3B /* Icon@2x.png */; };
		8BEBF44E13AFA61500805A3B /* MainViewController.m in Sources */ = {isa = PBXBuildFile; fileRef = 8BEBF44D13AFA61500805A3B /* MainViewController.m */; };
		8BEBF45013AFA64B00805A3B /* MainViewController.xib in Resources */ = {isa = PBXBuildFile; fileRef = 8BEBF44F13AFA64B00805A3B /* MainViewController.xib */; };
		8BEBF45313AFA66D00805A3B /* Enemy.m in Sources */ = {isa = PBXBuildFile; fileRef = 8BEBF45213AFA66C00805A3B /* Enemy.m */; };
		8BEBF45713AFA99500805A3B /* ZombiesViewController.m in Sources */ = {isa = PBXBuildFile; fileRef = 8BEBF45513AFA99400805A3B /* ZombiesViewController.m */; };
		8BEBF45E13AFDB0200805A3B /* FlipsideViewController.m in Sources */ = {isa = PBXBuildFile; fileRef = 8BEBF45C13AFDB0200805A3B /* FlipsideViewController.m */; };
		8BEBF45F13AFDB0200805A3B /* FlipsideViewController.xib in Resources */ = {isa = PBXBuildFile; fileRef = 8BEBF45D13AFDB0200805A3B /* FlipsideViewController.xib */; };
		8BFCE9B713C01741004329BF /* menuBackground.png in Resources */ = {isa = PBXBuildFile; fileRef = 8BFCE9B613C01741004329BF /* menuBackground.png */; };
/* End PBXBuildFile section */

/* Begin PBXFileReference section */
		8B1C716213B8FFB50012403B /* HighScoreInputViewController.h */ = {isa = PBXFileReference; fileEncoding = 4; lastKnownFileType = sourcecode.c.h; path = HighScoreInputViewController.h; sourceTree = "<group>"; };
		8B1C716313B8FFB60012403B /* HighScoreInputViewController.m */ = {isa = PBXFileReference; fileEncoding = 4; lastKnownFileType = sourcecode.c.objc; path = HighScoreInputViewController.m; sourceTree = "<group>"; };
		8B1C716413B8FFB60012403B /* HighScoreInputViewController.xib */ = {isa = PBXFileReference; fileEncoding = 4; lastKnownFileType = file.xib; path = HighScoreInputViewController.xib; sourceTree = "<group>"; };
		8B1C717013B99C780012403B /* background2.png */ = {isa = PBXFileReference; lastKnownFileType = image.png; path = background2.png; sourceTree = "<group>"; };
		8B2F469B13B17B5F000E181F /* GameKit.framework */ = {isa = PBXFileReference; lastKnownFileType = wrapper.framework; name = GameKit.framework; path = System/Library/Frameworks/GameKit.framework; sourceTree = SDKROOT; };
		8B3C258813C180FA005D4D80 /* InstructionsViewController.h */ = {isa = PBXFileReference; fileEncoding = 4; lastKnownFileType = sourcecode.c.h; path = InstructionsViewController.h; sourceTree = "<group>"; };
		8B3C258913C180FA005D4D80 /* InstructionsViewController.m */ = {isa = PBXFileReference; fileEncoding = 4; lastKnownFileType = sourcecode.c.objc; path = InstructionsViewController.m; sourceTree = "<group>"; };
		8B3C258A13C180FA005D4D80 /* InstructionsViewController.xib */ = {isa = PBXFileReference; fileEncoding = 4; lastKnownFileType = file.xib; path = InstructionsViewController.xib; sourceTree = "<group>"; };
		8B4E14AD13C25EF6005AEA13 /* instructions1.png */ = {isa = PBXFileReference; lastKnownFileType = image.png; path = instructions1.png; sourceTree = "<group>"; };
		8B4E14AE13C25EF6005AEA13 /* instructions3.png */ = {isa = PBXFileReference; lastKnownFileType = image.png; path = instructions3.png; sourceTree = "<group>"; };
		8B4E14AF13C25EF6005AEA13 /* instructions2.png */ = {isa = PBXFileReference; lastKnownFileType = image.png; path = instructions2.png; sourceTree = "<group>"; };
		8B657C8A13AFFBBC00696939 /* ZombiesViewController.h */ = {isa = PBXFileReference; fileEncoding = 4; lastKnownFileType = sourcecode.c.h; path = ZombiesViewController.h; sourceTree = "<group>"; };
		8B657C8D13AFFC3D00696939 /* ZombiesViewController.xib */ = {isa = PBXFileReference; fileEncoding = 4; lastKnownFileType = file.xib; path = ZombiesViewController.xib; sourceTree = "<group>"; };
		8B76D57F13B82106000AA9F3 /* BSTNode.h */ = {isa = PBXFileReference; fileEncoding = 4; lastKnownFileType = sourcecode.c.h; path = BSTNode.h; sourceTree = "<group>"; };
		8B76D58013B82106000AA9F3 /* BSTNode.m */ = {isa = PBXFileReference; fileEncoding = 4; lastKnownFileType = sourcecode.c.objc; path = BSTNode.m; sourceTree = "<group>"; };
		8B76D58113B82106000AA9F3 /* BinarySearchTree.h */ = {isa = PBXFileReference; fileEncoding = 4; lastKnownFileType = sourcecode.c.h; path = BinarySearchTree.h; sourceTree = "<group>"; };
		8B76D58213B82106000AA9F3 /* BinarySearchTree.m */ = {isa = PBXFileReference; fileEncoding = 4; lastKnownFileType = sourcecode.c.objc; path = BinarySearchTree.m; sourceTree = "<group>"; };
		8B76D58313B82106000AA9F3 /* HighScoreData.h */ = {isa = PBXFileReference; fileEncoding = 4; lastKnownFileType = sourcecode.c.h; path = HighScoreData.h; sourceTree = "<group>"; };
		8B76D58413B82106000AA9F3 /* HighScoreData.m */ = {isa = PBXFileReference; fileEncoding = 4; lastKnownFileType = sourcecode.c.objc; path = HighScoreData.m; sourceTree = "<group>"; };
		8B76D58B13B822AF000AA9F3 /* HighScoreSingletonData.h */ = {isa = PBXFileReference; fileEncoding = 4; lastKnownFileType = sourcecode.c.h; name = HighScoreSingletonData.h; path = Zombies.xcodeproj/HighScoreSingletonData.h; sourceTree = SOURCE_ROOT; };
		8B76D58C13B822AF000AA9F3 /* HighScoreSingletonData.m */ = {isa = PBXFileReference; fileEncoding = 4; lastKnownFileType = sourcecode.c.objc; name = HighScoreSingletonData.m; path = Zombies.xcodeproj/HighScoreSingletonData.m; sourceTree = SOURCE_ROOT; };
		8BC317C913B012CE00208E41 /* HighScoreViewController.h */ = {isa = PBXFileReference; fileEncoding = 4; lastKnownFileType = sourcecode.c.h; path = HighScoreViewController.h; sourceTree = "<group>"; };
		8BC317CA13B012CE00208E41 /* HighScoreViewController.m */ = {isa = PBXFileReference; fileEncoding = 4; lastKnownFileType = sourcecode.c.objc; path = HighScoreViewController.m; sourceTree = "<group>"; };
		8BC317CB13B012CE00208E41 /* HighScoreViewController.xib */ = {isa = PBXFileReference; fileEncoding = 4; lastKnownFileType = file.xib; path = HighScoreViewController.xib; sourceTree = "<group>"; };
		8BE73D8313BD8D8100EC3412 /* TiltCalibrationViewController.h */ = {isa = PBXFileReference; fileEncoding = 4; lastKnownFileType = sourcecode.c.h; path = TiltCalibrationViewController.h; sourceTree = "<group>"; };
		8BE73D8413BD8D8100EC3412 /* TiltCalibrationViewController.m */ = {isa = PBXFileReference; fileEncoding = 4; lastKnownFileType = sourcecode.c.objc; path = TiltCalibrationViewController.m; sourceTree = "<group>"; };
		8BE73D8513BD8D8100EC3412 /* TiltCalibrationViewController.xib */ = {isa = PBXFileReference; fileEncoding = 4; lastKnownFileType = file.xib; path = TiltCalibrationViewController.xib; sourceTree = "<group>"; };
		8BEBF41C13AFA57B00805A3B /* Zombies.app */ = {isa = PBXFileReference; explicitFileType = wrapper.application; includeInIndex = 0; path = Zombies.app; sourceTree = BUILT_PRODUCTS_DIR; };
		8BEBF42013AFA57B00805A3B /* UIKit.framework */ = {isa = PBXFileReference; lastKnownFileType = wrapper.framework; name = UIKit.framework; path = System/Library/Frameworks/UIKit.framework; sourceTree = SDKROOT; };
		8BEBF42213AFA57B00805A3B /* Foundation.framework */ = {isa = PBXFileReference; lastKnownFileType = wrapper.framework; name = Foundation.framework; path = System/Library/Frameworks/Foundation.framework; sourceTree = SDKROOT; };
		8BEBF42413AFA57B00805A3B /* CoreGraphics.framework */ = {isa = PBXFileReference; lastKnownFileType = wrapper.framework; name = CoreGraphics.framework; path = System/Library/Frameworks/CoreGraphics.framework; sourceTree = SDKROOT; };
		8BEBF42813AFA57B00805A3B /* Zombies-Info.plist */ = {isa = PBXFileReference; lastKnownFileType = text.plist.xml; path = "Zombies-Info.plist"; sourceTree = "<group>"; };
		8BEBF42A13AFA57B00805A3B /* en */ = {isa = PBXFileReference; lastKnownFileType = text.plist.strings; name = en; path = en.lproj/InfoPlist.strings; sourceTree = "<group>"; };
		8BEBF42C13AFA57B00805A3B /* main.m */ = {isa = PBXFileReference; lastKnownFileType = sourcecode.c.objc; path = main.m; sourceTree = "<group>"; };
		8BEBF42E13AFA57B00805A3B /* Zombies-Prefix.pch */ = {isa = PBXFileReference; lastKnownFileType = sourcecode.c.h; path = "Zombies-Prefix.pch"; sourceTree = "<group>"; };
		8BEBF42F13AFA57B00805A3B /* ZombiesAppDelegate.h */ = {isa = PBXFileReference; lastKnownFileType = sourcecode.c.h; path = ZombiesAppDelegate.h; sourceTree = "<group>"; };
		8BEBF43013AFA57B00805A3B /* ZombiesAppDelegate.m */ = {isa = PBXFileReference; lastKnownFileType = sourcecode.c.objc; path = ZombiesAppDelegate.m; sourceTree = "<group>"; };
		8BEBF44013AFA5CD00805A3B /* background.png */ = {isa = PBXFileReference; lastKnownFileType = image.png; path = background.png; sourceTree = "<group>"; };
		8BEBF44113AFA5CD00805A3B /* Default@2x.png */ = {isa = PBXFileReference; lastKnownFileType = image.png; path = "Default@2x.png"; sourceTree = "<group>"; };
		8BEBF44313AFA5CD00805A3B /* person.png */ = {isa = PBXFileReference; lastKnownFileType = image.png; path = person.png; sourceTree = "<group>"; };
		8BEBF44413AFA5CD00805A3B /* zombie.png */ = {isa = PBXFileReference; lastKnownFileType = image.png; path = zombie.png; sourceTree = "<group>"; };
		8BEBF44A13AFA5E000805A3B /* Icon@2x.png */ = {isa = PBXFileReference; lastKnownFileType = image.png; name = "Icon@2x.png"; path = "../Icon@2x.png"; sourceTree = "<group>"; };
		8BEBF44C13AFA61500805A3B /* MainViewController.h */ = {isa = PBXFileReference; fileEncoding = 4; lastKnownFileType = sourcecode.c.h; path = MainViewController.h; sourceTree = "<group>"; };
		8BEBF44D13AFA61500805A3B /* MainViewController.m */ = {isa = PBXFileReference; fileEncoding = 4; lastKnownFileType = sourcecode.c.objc; path = MainViewController.m; sourceTree = "<group>"; };
		8BEBF44F13AFA64B00805A3B /* MainViewController.xib */ = {isa = PBXFileReference; fileEncoding = 4; lastKnownFileType = file.xib; path = MainViewController.xib; sourceTree = "<group>"; };
		8BEBF45113AFA66C00805A3B /* Enemy.h */ = {isa = PBXFileReference; fileEncoding = 4; lastKnownFileType = sourcecode.c.h; path = Enemy.h; sourceTree = "<group>"; };
		8BEBF45213AFA66C00805A3B /* Enemy.m */ = {isa = PBXFileReference; fileEncoding = 4; lastKnownFileType = sourcecode.c.objc; path = Enemy.m; sourceTree = "<group>"; };
		8BEBF45513AFA99400805A3B /* ZombiesViewController.m */ = {isa = PBXFileReference; fileEncoding = 4; lastKnownFileType = sourcecode.c.objc; name = ZombiesViewController.m; path = Zombies.xcodeproj/ZombiesViewController.m; sourceTree = SOURCE_ROOT; };
		8BEBF45B13AFDB0100805A3B /* FlipsideViewController.h */ = {isa = PBXFileReference; fileEncoding = 4; lastKnownFileType = sourcecode.c.h; path = FlipsideViewController.h; sourceTree = "<group>"; };
		8BEBF45C13AFDB0200805A3B /* FlipsideViewController.m */ = {isa = PBXFileReference; fileEncoding = 4; lastKnownFileType = sourcecode.c.objc; path = FlipsideViewController.m; sourceTree = "<group>"; };
		8BEBF45D13AFDB0200805A3B /* FlipsideViewController.xib */ = {isa = PBXFileReference; fileEncoding = 4; lastKnownFileType = file.xib; path = FlipsideViewController.xib; sourceTree = "<group>"; };
		8BFCE9B613C01741004329BF /* menuBackground.png */ = {isa = PBXFileReference; lastKnownFileType = image.png; path = menuBackground.png; sourceTree = "<group>"; };
/* End PBXFileReference section */

/* Begin PBXFrameworksBuildPhase section */
		8BEBF41913AFA57B00805A3B /* Frameworks */ = {
			isa = PBXFrameworksBuildPhase;
			buildActionMask = 2147483647;
			files = (
				8BEBF42113AFA57B00805A3B /* UIKit.framework in Frameworks */,
				8B2F469D13B17B77000E181F /* GameKit.framework in Frameworks */,
				8BEBF42313AFA57B00805A3B /* Foundation.framework in Frameworks */,
				8BEBF42513AFA57B00805A3B /* CoreGraphics.framework in Frameworks */,
			);
			runOnlyForDeploymentPostprocessing = 0;
		};
/* End PBXFrameworksBuildPhase section */

/* Begin PBXGroup section */
		8B76D57D13B820ED000AA9F3 /* High Score Tree Structure */ = {
			isa = PBXGroup;
			children = (
				8B76D57F13B82106000AA9F3 /* BSTNode.h */,
				8B76D58013B82106000AA9F3 /* BSTNode.m */,
				8B76D58113B82106000AA9F3 /* BinarySearchTree.h */,
				8B76D58213B82106000AA9F3 /* BinarySearchTree.m */,
				8B76D58313B82106000AA9F3 /* HighScoreData.h */,
				8B76D58413B82106000AA9F3 /* HighScoreData.m */,
			);
			name = "High Score Tree Structure";
			sourceTree = "<group>";
		};
		8B76D58913B821A8000AA9F3 /* View Controllers */ = {
			isa = PBXGroup;
			children = (
				8B657C8A13AFFBBC00696939 /* ZombiesViewController.h */,
				8BEBF45513AFA99400805A3B /* ZombiesViewController.m */,
				8BEBF45B13AFDB0100805A3B /* FlipsideViewController.h */,
				8BEBF45C13AFDB0200805A3B /* FlipsideViewController.m */,
				8BEBF44C13AFA61500805A3B /* MainViewController.h */,
				8BEBF44D13AFA61500805A3B /* MainViewController.m */,
				8B3C258813C180FA005D4D80 /* InstructionsViewController.h */,
				8B3C258913C180FA005D4D80 /* InstructionsViewController.m */,
				8B1C716213B8FFB50012403B /* HighScoreInputViewController.h */,
				8B1C716313B8FFB60012403B /* HighScoreInputViewController.m */,
				8BC317C913B012CE00208E41 /* HighScoreViewController.h */,
				8BC317CA13B012CE00208E41 /* HighScoreViewController.m */,
				8BE73D8313BD8D8100EC3412 /* TiltCalibrationViewController.h */,
				8BE73D8413BD8D8100EC3412 /* TiltCalibrationViewController.m */,
			);
			name = "View Controllers";
			sourceTree = "<group>";
		};
		8B76D58A13B821D1000AA9F3 /* XIB Files */ = {
			isa = PBXGroup;
			children = (
				8B3C258A13C180FA005D4D80 /* InstructionsViewController.xib */,
				8B1C716413B8FFB60012403B /* HighScoreInputViewController.xib */,
				8BC317CB13B012CE00208E41 /* HighScoreViewController.xib */,
				8B657C8D13AFFC3D00696939 /* ZombiesViewController.xib */,
				8BEBF44F13AFA64B00805A3B /* MainViewController.xib */,
				8BEBF45D13AFDB0200805A3B /* FlipsideViewController.xib */,
				8BE73D8513BD8D8100EC3412 /* TiltCalibrationViewController.xib */,
			);
			name = "XIB Files";
			sourceTree = "<group>";
		};
		8BEBF41113AFA57B00805A3B = {
			isa = PBXGroup;
			children = (
				8BEBF42613AFA57B00805A3B /* Zombies */,
				8BEBF41F13AFA57B00805A3B /* Frameworks */,
				8BEBF41D13AFA57B00805A3B /* Products */,
			);
			sourceTree = "<group>";
		};
		8BEBF41D13AFA57B00805A3B /* Products */ = {
			isa = PBXGroup;
			children = (
				8BEBF41C13AFA57B00805A3B /* Zombies.app */,
			);
			name = Products;
			sourceTree = "<group>";
		};
		8BEBF41F13AFA57B00805A3B /* Frameworks */ = {
			isa = PBXGroup;
			children = (
				8B2F469B13B17B5F000E181F /* GameKit.framework */,
				8BEBF42013AFA57B00805A3B /* UIKit.framework */,
				8BEBF42213AFA57B00805A3B /* Foundation.framework */,
				8BEBF42413AFA57B00805A3B /* CoreGraphics.framework */,
			);
			name = Frameworks;
			sourceTree = "<group>";
		};
		8BEBF42613AFA57B00805A3B /* Zombies */ = {
			isa = PBXGroup;
			children = (
				8BEBF42F13AFA57B00805A3B /* ZombiesAppDelegate.h */,
				8BEBF43013AFA57B00805A3B /* ZombiesAppDelegate.m */,
				8BEBF45113AFA66C00805A3B /* Enemy.h */,
				8BEBF45213AFA66C00805A3B /* Enemy.m */,
				8B76D58B13B822AF000AA9F3 /* HighScoreSingletonData.h */,
				8B76D58C13B822AF000AA9F3 /* HighScoreSingletonData.m */,
				8B76D57D13B820ED000AA9F3 /* High Score Tree Structure */,
				8B76D58913B821A8000AA9F3 /* View Controllers */,
				8B76D58A13B821D1000AA9F3 /* XIB Files */,
				8BEBF42713AFA57B00805A3B /* Supporting Files */,
			);
			path = Zombies;
			sourceTree = "<group>";
		};
		8BEBF42713AFA57B00805A3B /* Supporting Files */ = {
			isa = PBXGroup;
			children = (
				8B4E14AD13C25EF6005AEA13 /* instructions1.png */,
				8B4E14AF13C25EF6005AEA13 /* instructions2.png */,
				8B4E14AE13C25EF6005AEA13 /* instructions3.png */,
				8B1C717013B99C780012403B /* background2.png */,
				8BEBF44A13AFA5E000805A3B /* Icon@2x.png */,
				8BEBF44013AFA5CD00805A3B /* background.png */,
				8BFCE9B613C01741004329BF /* menuBackground.png */,
				8BEBF44113AFA5CD00805A3B /* Default@2x.png */,
				8BEBF44313AFA5CD00805A3B /* person.png */,
				8BEBF44413AFA5CD00805A3B /* zombie.png */,
				8BEBF42813AFA57B00805A3B /* Zombies-Info.plist */,
				8BEBF42913AFA57B00805A3B /* InfoPlist.strings */,
				8BEBF42C13AFA57B00805A3B /* main.m */,
				8BEBF42E13AFA57B00805A3B /* Zombies-Prefix.pch */,
			);
			name = "Supporting Files";
			sourceTree = "<group>";
		};
/* End PBXGroup section */

/* Begin PBXNativeTarget section */
		8BEBF41B13AFA57B00805A3B /* Zombies */ = {
			isa = PBXNativeTarget;
			buildConfigurationList = 8BEBF43B13AFA57B00805A3B /* Build configuration list for PBXNativeTarget "Zombies" */;
			buildPhases = (
				8BEBF41813AFA57B00805A3B /* Sources */,
				8BEBF41913AFA57B00805A3B /* Frameworks */,
				8BEBF41A13AFA57B00805A3B /* Resources */,
			);
			buildRules = (
			);
			dependencies = (
			);
			name = Zombies;
			productName = Zombies;
			productReference = 8BEBF41C13AFA57B00805A3B /* Zombies.app */;
			productType = "com.apple.product-type.application";
		};
/* End PBXNativeTarget section */

/* Begin PBXProject section */
		8BEBF41313AFA57B00805A3B /* Project object */ = {
			isa = PBXProject;
			buildConfigurationList = 8BEBF41613AFA57B00805A3B /* Build configuration list for PBXProject "Zombies" */;
			compatibilityVersion = "Xcode 3.2";
			developmentRegion = English;
			hasScannedForEncodings = 0;
			knownRegions = (
				en,
			);
			mainGroup = 8BEBF41113AFA57B00805A3B;
			productRefGroup = 8BEBF41D13AFA57B00805A3B /* Products */;
			projectDirPath = "";
			projectRoot = "";
			targets = (
				8BEBF41B13AFA57B00805A3B /* Zombies */,
			);
		};
/* End PBXProject section */

/* Begin PBXResourcesBuildPhase section */
		8BEBF41A13AFA57B00805A3B /* Resources */ = {
			isa = PBXResourcesBuildPhase;
			buildActionMask = 2147483647;
			files = (
				8BEBF42B13AFA57B00805A3B /* InfoPlist.strings in Resources */,
				8BEBF44513AFA5CD00805A3B /* background.png in Resources */,
				8BEBF44613AFA5CD00805A3B /* Default@2x.png in Resources */,
				8BEBF44813AFA5CD00805A3B /* person.png in Resources */,
				8BEBF44913AFA5CD00805A3B /* zombie.png in Resources */,
				8BEBF44B13AFA5E000805A3B /* Icon@2x.png in Resources */,
				8BEBF45013AFA64B00805A3B /* MainViewController.xib in Resources */,
				8BEBF45F13AFDB0200805A3B /* FlipsideViewController.xib in Resources */,
				8B657C8F13AFFC3D00696939 /* ZombiesViewController.xib in Resources */,
				8BC317CD13B012CE00208E41 /* HighScoreViewController.xib in Resources */,
				8B1C716613B8FFB60012403B /* HighScoreInputViewController.xib in Resources */,
				8B1C717113B99C780012403B /* background2.png in Resources */,
				8BE73D8713BD8D8100EC3412 /* TiltCalibrationViewController.xib in Resources */,
				8BFCE9B713C01741004329BF /* menuBackground.png in Resources */,
				8B3C258C13C180FA005D4D80 /* InstructionsViewController.xib in Resources */,
				8B4E14B013C25EF6005AEA13 /* instructions1.png in Resources */,
				8B4E14B113C25EF6005AEA13 /* instructions3.png in Resources */,
				8B4E14B213C25EF6005AEA13 /* instructions2.png in Resources */,
			);
			runOnlyForDeploymentPostprocessing = 0;
		};
/* End PBXResourcesBuildPhase section */

/* Begin PBXSourcesBuildPhase section */
		8BEBF41813AFA57B00805A3B /* Sources */ = {
			isa = PBXSourcesBuildPhase;
			buildActionMask = 2147483647;
			files = (
				8BEBF42D13AFA57B00805A3B /* main.m in Sources */,
				8BEBF43113AFA57B00805A3B /* ZombiesAppDelegate.m in Sources */,
				8BEBF44E13AFA61500805A3B /* MainViewController.m in Sources */,
				8BEBF45313AFA66D00805A3B /* Enemy.m in Sources */,
				8BEBF45713AFA99500805A3B /* ZombiesViewController.m in Sources */,
				8BEBF45E13AFDB0200805A3B /* FlipsideViewController.m in Sources */,
				8BC317CC13B012CE00208E41 /* HighScoreViewController.m in Sources */,
				8B76D58513B82106000AA9F3 /* BSTNode.m in Sources */,
				8B76D58613B82106000AA9F3 /* BinarySearchTree.m in Sources */,
				8B76D58713B82106000AA9F3 /* HighScoreData.m in Sources */,
				8B76D58D13B822AF000AA9F3 /* HighScoreSingletonData.m in Sources */,
				8B1C716513B8FFB60012403B /* HighScoreInputViewController.m in Sources */,
				8BE73D8613BD8D8100EC3412 /* TiltCalibrationViewController.m in Sources */,
				8B3C258B13C180FA005D4D80 /* InstructionsViewController.m in Sources */,
			);
			runOnlyForDeploymentPostprocessing = 0;
		};
/* End PBXSourcesBuildPhase section */

/* Begin PBXVariantGroup section */
		8BEBF42913AFA57B00805A3B /* InfoPlist.strings */ = {
			isa = PBXVariantGroup;
			children = (
				8BEBF42A13AFA57B00805A3B /* en */,
			);
			name = InfoPlist.strings;
			sourceTree = "<group>";
		};
/* End PBXVariantGroup section */

/* Begin XCBuildConfiguration section */
		8BEBF43913AFA57B00805A3B /* Debug */ = {
			isa = XCBuildConfiguration;
			buildSettings = {
				ALWAYS_SEARCH_USER_PATHS = NO;
				ARCHS = "$(ARCHS_STANDARD_32_BIT)";
				CLANG_ENABLE_OBJC_ARC = YES;
				"CODE_SIGN_IDENTITY[sdk=iphoneos*]" = "iPhone Developer";
				COPY_PHASE_STRIP = NO;
				GCC_C_LANGUAGE_STANDARD = gnu99;
				GCC_DYNAMIC_NO_PIC = NO;
				GCC_OPTIMIZATION_LEVEL = 0;
				GCC_PREPROCESSOR_DEFINITIONS = (
					"DEBUG=1",
					"$(inherited)",
				);
				GCC_SYMBOLS_PRIVATE_EXTERN = NO;
				GCC_VERSION = com.apple.compilers.llvm.clang.1_0;
				GCC_WARN_ABOUT_MISSING_PROTOTYPES = YES;
				GCC_WARN_ABOUT_RETURN_TYPE = YES;
				GCC_WARN_UNUSED_VARIABLE = YES;
				IPHONEOS_DEPLOYMENT_TARGET = 5.0;
				SDKROOT = iphoneos;
			};
			name = Debug;
		};
		8BEBF43A13AFA57B00805A3B /* Release */ = {
			isa = XCBuildConfiguration;
			buildSettings = {
				ALWAYS_SEARCH_USER_PATHS = NO;
				ARCHS = "$(ARCHS_STANDARD_32_BIT)";
				CLANG_ENABLE_OBJC_ARC = YES;
				"CODE_SIGN_IDENTITY[sdk=iphoneos*]" = "iPhone Developer";
				COPY_PHASE_STRIP = YES;
				GCC_C_LANGUAGE_STANDARD = gnu99;
				GCC_VERSION = com.apple.compilers.llvm.clang.1_0;
				GCC_WARN_ABOUT_MISSING_PROTOTYPES = YES;
				GCC_WARN_ABOUT_RETURN_TYPE = YES;
				GCC_WARN_UNUSED_VARIABLE = YES;
				IPHONEOS_DEPLOYMENT_TARGET = 5.0;
				OTHER_CFLAGS = "-DNS_BLOCK_ASSERTIONS=1";
				SDKROOT = iphoneos;
				VALIDATE_PRODUCT = YES;
			};
			name = Release;
		};
		8BEBF43C13AFA57B00805A3B /* Debug */ = {
			isa = XCBuildConfiguration;
			buildSettings = {
				GCC_PRECOMPILE_PREFIX_HEADER = YES;
				GCC_PREFIX_HEADER = "Zombies/Zombies-Prefix.pch";
				INFOPLIST_FILE = "Zombies/Zombies-Info.plist";
				IPHONEOS_DEPLOYMENT_TARGET = 5.0;
				PRODUCT_NAME = "$(TARGET_NAME)";
				WRAPPER_EXTENSION = app;
			};
			name = Debug;
		};
		8BEBF43D13AFA57B00805A3B /* Release */ = {
			isa = XCBuildConfiguration;
			buildSettings = {
				GCC_PRECOMPILE_PREFIX_HEADER = YES;
				GCC_PREFIX_HEADER = "Zombies/Zombies-Prefix.pch";
				INFOPLIST_FILE = "Zombies/Zombies-Info.plist";
				IPHONEOS_DEPLOYMENT_TARGET = 5.0;
				PRODUCT_NAME = "$(TARGET_NAME)";
				WRAPPER_EXTENSION = app;
			};
			name = Release;
		};
/* End XCBuildConfiguration section */

/* Begin XCConfigurationList section */
		8BEBF41613AFA57B00805A3B /* Build configuration list for PBXProject "Zombies" */ = {
			isa = XCConfigurationList;
			buildConfigurations = (
				8BEBF43913AFA57B00805A3B /* Debug */,
				8BEBF43A13AFA57B00805A3B /* Release */,
			);
			defaultConfigurationIsVisible = 0;
			defaultConfigurationName = Release;
		};
		8BEBF43B13AFA57B00805A3B /* Build configuration list for PBXNativeTarget "Zombies" */ = {
			isa = XCConfigurationList;
			buildConfigurations = (
				8BEBF43C13AFA57B00805A3B /* Debug */,
				8BEBF43D13AFA57B00805A3B /* Release */,
			);
			defaultConfigurationIsVisible = 0;
			defaultConfigurationName = Release;
		};
/* End XCConfigurationList section */
	};
	rootObject = 8BEBF41313AFA57B00805A3B /* Project object */;
}
